
Microsoft Visual Studio Solution File, Format Version 12.00
# Visual Studio 15
VisualStudioVersion = 15.0.27703.2000
MinimumVisualStudioVersion = 10.0.40219.1
Project("{FAE04EC0-301F-11D3-BF4B-00C04F79EFBC}") = "PacketMessagingTS", "PacketMessagingTS\PacketMessagingTS.csproj", "{A0511FEF-BCBA-4A66-AE99-12ACD5A49595}"
	ProjectSection(ProjectDependencies) = postProject
		{EBA5E558-4804-4914-87ED-EFBFA45E2069} = {EBA5E558-4804-4914-87ED-EFBFA45E2069}
	EndProjectSection
EndProject
Project("{FAE04EC0-301F-11D3-BF4B-00C04F79EFBC}") = "FormControlBase", "FormControlBase\FormControlBase.csproj", "{54CD4D6D-9D4F-4270-907A-D6B5EBA3518F}"
EndProject
Project("{FAE04EC0-301F-11D3-BF4B-00C04F79EFBC}") = "ToggleButtonGroupControl", "ToggleButtonGroupControl\ToggleButtonGroupControl.csproj", "{B448E071-59C5-4198-908F-EE3120BF4F7B}"
EndProject
Project("{FAE04EC0-301F-11D3-BF4B-00C04F79EFBC}") = "MessageFormControl", "MessageFormControl\MessageFormControl.csproj", "{475FFB7E-6AC6-4448-8A79-DA711662893C}"
EndProject
Project("{FAE04EC0-301F-11D3-BF4B-00C04F79EFBC}") = "ICS213FormControl", "ICS213FormControl\ICS213FormControl.csproj", "{EBA5E558-4804-4914-87ED-EFBFA45E2069}"
EndProject
Project("{FAE04EC0-301F-11D3-BF4B-00C04F79EFBC}") = "CityScanFormControl", "CityScanFormControl\CityScanFormControl.csproj", "{ECDD9858-2441-4CB2-B859-172265EC7C7B}"
EndProject
Project("{FAE04EC0-301F-11D3-BF4B-00C04F79EFBC}") = "ICS213RR1706FormControl", "ICS213RRFormControl\ICS213RR1706FormControl.csproj", "{93F74750-00F2-44D3-BD5B-189487733A59}"
EndProject
Project("{FAE04EC0-301F-11D3-BF4B-00C04F79EFBC}") = "SharedCode", "SharedCode\SharedCode.csproj", "{03326178-E925-46C1-B4C7-EA5700C30102}"
EndProject
Project("{FAE04EC0-301F-11D3-BF4B-00C04F79EFBC}") = "OAMunicipalStatus20130101FormControl", "OAMunicipalStatusFormControl\OAMunicipalStatus20130101FormControl.csproj", "{58E010DC-1E9F-4D3F-9828-415F67B1229F}"
EndProject
Project("{FAE04EC0-301F-11D3-BF4B-00C04F79EFBC}") = "ICS309Control", "ICS309Control\ICS309Control.csproj", "{622803D9-5907-4EF3-BD6A-187EF8D7953A}"
EndProject
Project("{FAE04EC0-301F-11D3-BF4B-00C04F79EFBC}") = "ICS213_070628_FormControl", "ICS213_070628_FormControl\ICS213_070628_FormControl.csproj", "{268FBD5C-FBD7-46C3-834A-A8E83B2904F0}"
EndProject
Project("{FAE04EC0-301F-11D3-BF4B-00C04F79EFBC}") = "OAShelterStatus20130814FormControl", "OAShelterStatus\OAShelterStatus20130814FormControl.csproj", "{B261C7FB-85B0-4D56-B536-D9B7856D6E79}"
EndProject
Global
	GlobalSection(SolutionConfigurationPlatforms) = preSolution
		Debug|Any CPU = Debug|Any CPU
		Debug|ARM = Debug|ARM
		Debug|x64 = Debug|x64
		Debug|x86 = Debug|x86
		Release|Any CPU = Release|Any CPU
		Release|ARM = Release|ARM
		Release|x64 = Release|x64
		Release|x86 = Release|x86
	EndGlobalSection
	GlobalSection(ProjectConfigurationPlatforms) = postSolution
		{A0511FEF-BCBA-4A66-AE99-12ACD5A49595}.Debug|Any CPU.ActiveCfg = Debug|x86
		{A0511FEF-BCBA-4A66-AE99-12ACD5A49595}.Debug|ARM.ActiveCfg = Debug|ARM
		{A0511FEF-BCBA-4A66-AE99-12ACD5A49595}.Debug|ARM.Build.0 = Debug|ARM
		{A0511FEF-BCBA-4A66-AE99-12ACD5A49595}.Debug|ARM.Deploy.0 = Debug|ARM
		{A0511FEF-BCBA-4A66-AE99-12ACD5A49595}.Debug|x64.ActiveCfg = Debug|x64
		{A0511FEF-BCBA-4A66-AE99-12ACD5A49595}.Debug|x64.Build.0 = Debug|x64
		{A0511FEF-BCBA-4A66-AE99-12ACD5A49595}.Debug|x64.Deploy.0 = Debug|x64
		{A0511FEF-BCBA-4A66-AE99-12ACD5A49595}.Debug|x86.ActiveCfg = Debug|x86
		{A0511FEF-BCBA-4A66-AE99-12ACD5A49595}.Debug|x86.Build.0 = Debug|x86
		{A0511FEF-BCBA-4A66-AE99-12ACD5A49595}.Debug|x86.Deploy.0 = Debug|x86
		{A0511FEF-BCBA-4A66-AE99-12ACD5A49595}.Release|Any CPU.ActiveCfg = Release|x86
		{A0511FEF-BCBA-4A66-AE99-12ACD5A49595}.Release|ARM.ActiveCfg = Release|ARM
		{A0511FEF-BCBA-4A66-AE99-12ACD5A49595}.Release|ARM.Build.0 = Release|ARM
		{A0511FEF-BCBA-4A66-AE99-12ACD5A49595}.Release|ARM.Deploy.0 = Release|ARM
		{A0511FEF-BCBA-4A66-AE99-12ACD5A49595}.Release|x64.ActiveCfg = Release|x64
		{A0511FEF-BCBA-4A66-AE99-12ACD5A49595}.Release|x64.Build.0 = Release|x64
		{A0511FEF-BCBA-4A66-AE99-12ACD5A49595}.Release|x64.Deploy.0 = Release|x64
		{A0511FEF-BCBA-4A66-AE99-12ACD5A49595}.Release|x86.ActiveCfg = Release|x86
		{A0511FEF-BCBA-4A66-AE99-12ACD5A49595}.Release|x86.Build.0 = Release|x86
		{A0511FEF-BCBA-4A66-AE99-12ACD5A49595}.Release|x86.Deploy.0 = Release|x86
		{54CD4D6D-9D4F-4270-907A-D6B5EBA3518F}.Debug|Any CPU.ActiveCfg = Debug|Any CPU
		{54CD4D6D-9D4F-4270-907A-D6B5EBA3518F}.Debug|Any CPU.Build.0 = Debug|Any CPU
		{54CD4D6D-9D4F-4270-907A-D6B5EBA3518F}.Debug|ARM.ActiveCfg = Debug|ARM
		{54CD4D6D-9D4F-4270-907A-D6B5EBA3518F}.Debug|ARM.Build.0 = Debug|ARM
		{54CD4D6D-9D4F-4270-907A-D6B5EBA3518F}.Debug|x64.ActiveCfg = Debug|x64
		{54CD4D6D-9D4F-4270-907A-D6B5EBA3518F}.Debug|x64.Build.0 = Debug|x64
		{54CD4D6D-9D4F-4270-907A-D6B5EBA3518F}.Debug|x86.ActiveCfg = Debug|x86
		{54CD4D6D-9D4F-4270-907A-D6B5EBA3518F}.Debug|x86.Build.0 = Debug|x86
		{54CD4D6D-9D4F-4270-907A-D6B5EBA3518F}.Release|Any CPU.ActiveCfg = Release|Any CPU
		{54CD4D6D-9D4F-4270-907A-D6B5EBA3518F}.Release|Any CPU.Build.0 = Release|Any CPU
		{54CD4D6D-9D4F-4270-907A-D6B5EBA3518F}.Release|ARM.ActiveCfg = Release|ARM
		{54CD4D6D-9D4F-4270-907A-D6B5EBA3518F}.Release|ARM.Build.0 = Release|ARM
		{54CD4D6D-9D4F-4270-907A-D6B5EBA3518F}.Release|x64.ActiveCfg = Release|x64
		{54CD4D6D-9D4F-4270-907A-D6B5EBA3518F}.Release|x64.Build.0 = Release|x64
		{54CD4D6D-9D4F-4270-907A-D6B5EBA3518F}.Release|x86.ActiveCfg = Release|x86
		{54CD4D6D-9D4F-4270-907A-D6B5EBA3518F}.Release|x86.Build.0 = Release|x86
		{B448E071-59C5-4198-908F-EE3120BF4F7B}.Debug|Any CPU.ActiveCfg = Debug|Any CPU
		{B448E071-59C5-4198-908F-EE3120BF4F7B}.Debug|Any CPU.Build.0 = Debug|Any CPU
		{B448E071-59C5-4198-908F-EE3120BF4F7B}.Debug|ARM.ActiveCfg = Debug|ARM
		{B448E071-59C5-4198-908F-EE3120BF4F7B}.Debug|ARM.Build.0 = Debug|ARM
		{B448E071-59C5-4198-908F-EE3120BF4F7B}.Debug|x64.ActiveCfg = Debug|x64
		{B448E071-59C5-4198-908F-EE3120BF4F7B}.Debug|x64.Build.0 = Debug|x64
		{B448E071-59C5-4198-908F-EE3120BF4F7B}.Debug|x86.ActiveCfg = Debug|x86
		{B448E071-59C5-4198-908F-EE3120BF4F7B}.Debug|x86.Build.0 = Debug|x86
		{B448E071-59C5-4198-908F-EE3120BF4F7B}.Release|Any CPU.ActiveCfg = Release|Any CPU
		{B448E071-59C5-4198-908F-EE3120BF4F7B}.Release|Any CPU.Build.0 = Release|Any CPU
		{B448E071-59C5-4198-908F-EE3120BF4F7B}.Release|ARM.ActiveCfg = Release|ARM
		{B448E071-59C5-4198-908F-EE3120BF4F7B}.Release|ARM.Build.0 = Release|ARM
		{B448E071-59C5-4198-908F-EE3120BF4F7B}.Release|x64.ActiveCfg = Release|x64
		{B448E071-59C5-4198-908F-EE3120BF4F7B}.Release|x64.Build.0 = Release|x64
		{B448E071-59C5-4198-908F-EE3120BF4F7B}.Release|x86.ActiveCfg = Release|x86
		{B448E071-59C5-4198-908F-EE3120BF4F7B}.Release|x86.Build.0 = Release|x86
		{475FFB7E-6AC6-4448-8A79-DA711662893C}.Debug|Any CPU.ActiveCfg = Debug|Any CPU
		{475FFB7E-6AC6-4448-8A79-DA711662893C}.Debug|Any CPU.Build.0 = Debug|Any CPU
		{475FFB7E-6AC6-4448-8A79-DA711662893C}.Debug|ARM.ActiveCfg = Debug|ARM
		{475FFB7E-6AC6-4448-8A79-DA711662893C}.Debug|ARM.Build.0 = Debug|ARM
		{475FFB7E-6AC6-4448-8A79-DA711662893C}.Debug|x64.ActiveCfg = Debug|x64
		{475FFB7E-6AC6-4448-8A79-DA711662893C}.Debug|x64.Build.0 = Debug|x64
		{475FFB7E-6AC6-4448-8A79-DA711662893C}.Debug|x86.ActiveCfg = Debug|x86
		{475FFB7E-6AC6-4448-8A79-DA711662893C}.Debug|x86.Build.0 = Debug|x86
		{475FFB7E-6AC6-4448-8A79-DA711662893C}.Release|Any CPU.ActiveCfg = Release|Any CPU
		{475FFB7E-6AC6-4448-8A79-DA711662893C}.Release|Any CPU.Build.0 = Release|Any CPU
		{475FFB7E-6AC6-4448-8A79-DA711662893C}.Release|ARM.ActiveCfg = Release|ARM
		{475FFB7E-6AC6-4448-8A79-DA711662893C}.Release|ARM.Build.0 = Release|ARM
		{475FFB7E-6AC6-4448-8A79-DA711662893C}.Release|x64.ActiveCfg = Release|x64
		{475FFB7E-6AC6-4448-8A79-DA711662893C}.Release|x64.Build.0 = Release|x64
		{475FFB7E-6AC6-4448-8A79-DA711662893C}.Release|x86.ActiveCfg = Release|x86
		{475FFB7E-6AC6-4448-8A79-DA711662893C}.Release|x86.Build.0 = Release|x86
		{EBA5E558-4804-4914-87ED-EFBFA45E2069}.Debug|Any CPU.ActiveCfg = Debug|Any CPU
		{EBA5E558-4804-4914-87ED-EFBFA45E2069}.Debug|Any CPU.Build.0 = Debug|Any CPU
		{EBA5E558-4804-4914-87ED-EFBFA45E2069}.Debug|ARM.ActiveCfg = Debug|ARM
		{EBA5E558-4804-4914-87ED-EFBFA45E2069}.Debug|ARM.Build.0 = Debug|ARM
		{EBA5E558-4804-4914-87ED-EFBFA45E2069}.Debug|x64.ActiveCfg = Debug|x64
		{EBA5E558-4804-4914-87ED-EFBFA45E2069}.Debug|x86.ActiveCfg = Debug|x86
		{EBA5E558-4804-4914-87ED-EFBFA45E2069}.Debug|x86.Build.0 = Debug|x86
		{EBA5E558-4804-4914-87ED-EFBFA45E2069}.Release|Any CPU.ActiveCfg = Release|Any CPU
		{EBA5E558-4804-4914-87ED-EFBFA45E2069}.Release|Any CPU.Build.0 = Release|Any CPU
		{EBA5E558-4804-4914-87ED-EFBFA45E2069}.Release|ARM.ActiveCfg = Release|ARM
		{EBA5E558-4804-4914-87ED-EFBFA45E2069}.Release|ARM.Build.0 = Release|ARM
		{EBA5E558-4804-4914-87ED-EFBFA45E2069}.Release|x64.ActiveCfg = Release|x64
		{EBA5E558-4804-4914-87ED-EFBFA45E2069}.Release|x64.Build.0 = Release|x64
		{EBA5E558-4804-4914-87ED-EFBFA45E2069}.Release|x86.ActiveCfg = Release|x86
		{EBA5E558-4804-4914-87ED-EFBFA45E2069}.Release|x86.Build.0 = Release|x86
		{ECDD9858-2441-4CB2-B859-172265EC7C7B}.Debug|Any CPU.ActiveCfg = Debug|Any CPU
		{ECDD9858-2441-4CB2-B859-172265EC7C7B}.Debug|Any CPU.Build.0 = Debug|Any CPU
		{ECDD9858-2441-4CB2-B859-172265EC7C7B}.Debug|ARM.ActiveCfg = Debug|ARM
		{ECDD9858-2441-4CB2-B859-172265EC7C7B}.Debug|ARM.Build.0 = Debug|ARM
		{ECDD9858-2441-4CB2-B859-172265EC7C7B}.Debug|x64.ActiveCfg = Debug|x64
		{ECDD9858-2441-4CB2-B859-172265EC7C7B}.Debug|x86.ActiveCfg = Debug|x86
		{ECDD9858-2441-4CB2-B859-172265EC7C7B}.Debug|x86.Build.0 = Debug|x86
		{ECDD9858-2441-4CB2-B859-172265EC7C7B}.Release|Any CPU.ActiveCfg = Release|Any CPU
		{ECDD9858-2441-4CB2-B859-172265EC7C7B}.Release|Any CPU.Build.0 = Release|Any CPU
		{ECDD9858-2441-4CB2-B859-172265EC7C7B}.Release|ARM.ActiveCfg = Release|ARM
		{ECDD9858-2441-4CB2-B859-172265EC7C7B}.Release|ARM.Build.0 = Release|ARM
		{ECDD9858-2441-4CB2-B859-172265EC7C7B}.Release|x64.ActiveCfg = Release|x64
		{ECDD9858-2441-4CB2-B859-172265EC7C7B}.Release|x64.Build.0 = Release|x64
		{ECDD9858-2441-4CB2-B859-172265EC7C7B}.Release|x86.ActiveCfg = Release|x86
		{ECDD9858-2441-4CB2-B859-172265EC7C7B}.Release|x86.Build.0 = Release|x86
		{93F74750-00F2-44D3-BD5B-189487733A59}.Debug|Any CPU.ActiveCfg = Debug|Any CPU
		{93F74750-00F2-44D3-BD5B-189487733A59}.Debug|Any CPU.Build.0 = Debug|Any CPU
		{93F74750-00F2-44D3-BD5B-189487733A59}.Debug|ARM.ActiveCfg = Debug|ARM
		{93F74750-00F2-44D3-BD5B-189487733A59}.Debug|ARM.Build.0 = Debug|ARM
		{93F74750-00F2-44D3-BD5B-189487733A59}.Debug|x64.ActiveCfg = Debug|x64
		{93F74750-00F2-44D3-BD5B-189487733A59}.Debug|x64.Build.0 = Debug|x64
		{93F74750-00F2-44D3-BD5B-189487733A59}.Debug|x86.ActiveCfg = Debug|x86
		{93F74750-00F2-44D3-BD5B-189487733A59}.Debug|x86.Build.0 = Debug|x86
		{93F74750-00F2-44D3-BD5B-189487733A59}.Release|Any CPU.ActiveCfg = Release|Any CPU
		{93F74750-00F2-44D3-BD5B-189487733A59}.Release|Any CPU.Build.0 = Release|Any CPU
		{93F74750-00F2-44D3-BD5B-189487733A59}.Release|ARM.ActiveCfg = Release|ARM
		{93F74750-00F2-44D3-BD5B-189487733A59}.Release|ARM.Build.0 = Release|ARM
		{93F74750-00F2-44D3-BD5B-189487733A59}.Release|x64.ActiveCfg = Release|x64
		{93F74750-00F2-44D3-BD5B-189487733A59}.Release|x64.Build.0 = Release|x64
		{93F74750-00F2-44D3-BD5B-189487733A59}.Release|x86.ActiveCfg = Release|x86
		{93F74750-00F2-44D3-BD5B-189487733A59}.Release|x86.Build.0 = Release|x86
		{03326178-E925-46C1-B4C7-EA5700C30102}.Debug|Any CPU.ActiveCfg = Debug|Any CPU
		{03326178-E925-46C1-B4C7-EA5700C30102}.Debug|Any CPU.Build.0 = Debug|Any CPU
		{03326178-E925-46C1-B4C7-EA5700C30102}.Debug|ARM.ActiveCfg = Debug|ARM
		{03326178-E925-46C1-B4C7-EA5700C30102}.Debug|ARM.Build.0 = Debug|ARM
		{03326178-E925-46C1-B4C7-EA5700C30102}.Debug|x64.ActiveCfg = Debug|x64
		{03326178-E925-46C1-B4C7-EA5700C30102}.Debug|x64.Build.0 = Debug|x64
		{03326178-E925-46C1-B4C7-EA5700C30102}.Debug|x86.ActiveCfg = Debug|x86
		{03326178-E925-46C1-B4C7-EA5700C30102}.Debug|x86.Build.0 = Debug|x86
		{03326178-E925-46C1-B4C7-EA5700C30102}.Release|Any CPU.ActiveCfg = Release|Any CPU
		{03326178-E925-46C1-B4C7-EA5700C30102}.Release|Any CPU.Build.0 = Release|Any CPU
		{03326178-E925-46C1-B4C7-EA5700C30102}.Release|ARM.ActiveCfg = Release|ARM
		{03326178-E925-46C1-B4C7-EA5700C30102}.Release|ARM.Build.0 = Release|ARM
		{03326178-E925-46C1-B4C7-EA5700C30102}.Release|x64.ActiveCfg = Release|x64
		{03326178-E925-46C1-B4C7-EA5700C30102}.Release|x64.Build.0 = Release|x64
		{03326178-E925-46C1-B4C7-EA5700C30102}.Release|x86.ActiveCfg = Release|x86
		{03326178-E925-46C1-B4C7-EA5700C30102}.Release|x86.Build.0 = Release|x86
		{58E010DC-1E9F-4D3F-9828-415F67B1229F}.Debug|Any CPU.ActiveCfg = Debug|Any CPU
		{58E010DC-1E9F-4D3F-9828-415F67B1229F}.Debug|Any CPU.Build.0 = Debug|Any CPU
		{58E010DC-1E9F-4D3F-9828-415F67B1229F}.Debug|ARM.ActiveCfg = Debug|ARM
		{58E010DC-1E9F-4D3F-9828-415F67B1229F}.Debug|ARM.Build.0 = Debug|ARM
		{58E010DC-1E9F-4D3F-9828-415F67B1229F}.Debug|x64.ActiveCfg = Debug|x64
		{58E010DC-1E9F-4D3F-9828-415F67B1229F}.Debug|x64.Build.0 = Debug|x64
		{58E010DC-1E9F-4D3F-9828-415F67B1229F}.Debug|x86.ActiveCfg = Debug|x86
		{58E010DC-1E9F-4D3F-9828-415F67B1229F}.Debug|x86.Build.0 = Debug|x86
		{58E010DC-1E9F-4D3F-9828-415F67B1229F}.Release|Any CPU.ActiveCfg = Release|Any CPU
		{58E010DC-1E9F-4D3F-9828-415F67B1229F}.Release|Any CPU.Build.0 = Release|Any CPU
		{58E010DC-1E9F-4D3F-9828-415F67B1229F}.Release|ARM.ActiveCfg = Release|ARM
		{58E010DC-1E9F-4D3F-9828-415F67B1229F}.Release|ARM.Build.0 = Release|ARM
		{58E010DC-1E9F-4D3F-9828-415F67B1229F}.Release|x64.ActiveCfg = Release|x64
		{58E010DC-1E9F-4D3F-9828-415F67B1229F}.Release|x64.Build.0 = Release|x64
		{58E010DC-1E9F-4D3F-9828-415F67B1229F}.Release|x86.ActiveCfg = Release|x86
		{58E010DC-1E9F-4D3F-9828-415F67B1229F}.Release|x86.Build.0 = Release|x86
		{622803D9-5907-4EF3-BD6A-187EF8D7953A}.Debug|Any CPU.ActiveCfg = Debug|Any CPU
		{622803D9-5907-4EF3-BD6A-187EF8D7953A}.Debug|Any CPU.Build.0 = Debug|Any CPU
		{622803D9-5907-4EF3-BD6A-187EF8D7953A}.Debug|ARM.ActiveCfg = Debug|ARM
		{622803D9-5907-4EF3-BD6A-187EF8D7953A}.Debug|ARM.Build.0 = Debug|ARM
		{622803D9-5907-4EF3-BD6A-187EF8D7953A}.Debug|x64.ActiveCfg = Debug|x64
		{622803D9-5907-4EF3-BD6A-187EF8D7953A}.Debug|x64.Build.0 = Debug|x64
		{622803D9-5907-4EF3-BD6A-187EF8D7953A}.Debug|x86.ActiveCfg = Debug|x86
		{622803D9-5907-4EF3-BD6A-187EF8D7953A}.Debug|x86.Build.0 = Debug|x86
		{622803D9-5907-4EF3-BD6A-187EF8D7953A}.Release|Any CPU.ActiveCfg = Release|Any CPU
		{622803D9-5907-4EF3-BD6A-187EF8D7953A}.Release|Any CPU.Build.0 = Release|Any CPU
		{622803D9-5907-4EF3-BD6A-187EF8D7953A}.Release|ARM.ActiveCfg = Release|ARM
		{622803D9-5907-4EF3-BD6A-187EF8D7953A}.Release|ARM.Build.0 = Release|ARM
		{622803D9-5907-4EF3-BD6A-187EF8D7953A}.Release|x64.ActiveCfg = Release|x64
		{622803D9-5907-4EF3-BD6A-187EF8D7953A}.Release|x64.Build.0 = Release|x64
		{622803D9-5907-4EF3-BD6A-187EF8D7953A}.Release|x86.ActiveCfg = Release|x86
		{622803D9-5907-4EF3-BD6A-187EF8D7953A}.Release|x86.Build.0 = Release|x86
		{268FBD5C-FBD7-46C3-834A-A8E83B2904F0}.Debug|Any CPU.ActiveCfg = Debug|Any CPU
		{268FBD5C-FBD7-46C3-834A-A8E83B2904F0}.Debug|Any CPU.Build.0 = Debug|Any CPU
		{268FBD5C-FBD7-46C3-834A-A8E83B2904F0}.Debug|ARM.ActiveCfg = Debug|ARM
		{268FBD5C-FBD7-46C3-834A-A8E83B2904F0}.Debug|ARM.Build.0 = Debug|ARM
		{268FBD5C-FBD7-46C3-834A-A8E83B2904F0}.Debug|x64.ActiveCfg = Debug|x64
		{268FBD5C-FBD7-46C3-834A-A8E83B2904F0}.Debug|x64.Build.0 = Debug|x64
		{268FBD5C-FBD7-46C3-834A-A8E83B2904F0}.Debug|x86.ActiveCfg = Debug|x86
		{268FBD5C-FBD7-46C3-834A-A8E83B2904F0}.Debug|x86.Build.0 = Debug|x86
		{268FBD5C-FBD7-46C3-834A-A8E83B2904F0}.Release|Any CPU.ActiveCfg = Release|Any CPU
		{268FBD5C-FBD7-46C3-834A-A8E83B2904F0}.Release|Any CPU.Build.0 = Release|Any CPU
		{268FBD5C-FBD7-46C3-834A-A8E83B2904F0}.Release|ARM.ActiveCfg = Release|ARM
		{268FBD5C-FBD7-46C3-834A-A8E83B2904F0}.Release|ARM.Build.0 = Release|ARM
		{268FBD5C-FBD7-46C3-834A-A8E83B2904F0}.Release|x64.ActiveCfg = Release|x64
		{268FBD5C-FBD7-46C3-834A-A8E83B2904F0}.Release|x64.Build.0 = Release|x64
		{268FBD5C-FBD7-46C3-834A-A8E83B2904F0}.Release|x86.ActiveCfg = Release|x86
		{268FBD5C-FBD7-46C3-834A-A8E83B2904F0}.Release|x86.Build.0 = Release|x86
		{B261C7FB-85B0-4D56-B536-D9B7856D6E79}.Debug|Any CPU.ActiveCfg = Debug|Any CPU
		{B261C7FB-85B0-4D56-B536-D9B7856D6E79}.Debug|Any CPU.Build.0 = Debug|Any CPU
		{B261C7FB-85B0-4D56-B536-D9B7856D6E79}.Debug|ARM.ActiveCfg = Debug|ARM
		{B261C7FB-85B0-4D56-B536-D9B7856D6E79}.Debug|ARM.Build.0 = Debug|ARM
		{B261C7FB-85B0-4D56-B536-D9B7856D6E79}.Debug|x64.ActiveCfg = Debug|x64
		{B261C7FB-85B0-4D56-B536-D9B7856D6E79}.Debug|x64.Build.0 = Debug|x64
		{B261C7FB-85B0-4D56-B536-D9B7856D6E79}.Debug|x86.ActiveCfg = Debug|x86
		{B261C7FB-85B0-4D56-B536-D9B7856D6E79}.Debug|x86.Build.0 = Debug|x86
		{B261C7FB-85B0-4D56-B536-D9B7856D6E79}.Release|Any CPU.ActiveCfg = Release|Any CPU
		{B261C7FB-85B0-4D56-B536-D9B7856D6E79}.Release|Any CPU.Build.0 = Release|Any CPU
		{B261C7FB-85B0-4D56-B536-D9B7856D6E79}.Release|ARM.ActiveCfg = Release|ARM
		{B261C7FB-85B0-4D56-B536-D9B7856D6E79}.Release|ARM.Build.0 = Release|ARM
		{B261C7FB-85B0-4D56-B536-D9B7856D6E79}.Release|x64.ActiveCfg = Release|x64
		{B261C7FB-85B0-4D56-B536-D9B7856D6E79}.Release|x64.Build.0 = Release|x64
		{B261C7FB-85B0-4D56-B536-D9B7856D6E79}.Release|x86.ActiveCfg = Release|x86
		{B261C7FB-85B0-4D56-B536-D9B7856D6E79}.Release|x86.Build.0 = Release|x86
	EndGlobalSection
	GlobalSection(SolutionProperties) = preSolution
		HideSolutionNode = FALSE
	EndGlobalSection
	GlobalSection(ExtensibilityGlobals) = postSolution
		SolutionGuid = {27021045-EE04-4599-A37D-C8C7E61FCF09}
	EndGlobalSection
EndGlobal
