
Microsoft Visual Studio Solution File, Format Version 12.00
# Visual Studio Version 16
VisualStudioVersion = 16.0.28917.181
MinimumVisualStudioVersion = 10.0.40219.1
Project("{FAE04EC0-301F-11D3-BF4B-00C04F79EFBC}") = "PacketMessagingTS", "PacketMessagingTS\PacketMessagingTS.csproj", "{A0511FEF-BCBA-4A66-AE99-12ACD5A49595}"
	ProjectSection(ProjectDependencies) = postProject
		{2DD67FBA-93D0-49F2-97A5-F4FD08D17B6C} = {2DD67FBA-93D0-49F2-97A5-F4FD08D17B6C}
	EndProjectSection
EndProject
Project("{FAE04EC0-301F-11D3-BF4B-00C04F79EFBC}") = "FormControlBase", "FormControlBase\FormControlBase.csproj", "{54CD4D6D-9D4F-4270-907A-D6B5EBA3518F}"
EndProject
Project("{FAE04EC0-301F-11D3-BF4B-00C04F79EFBC}") = "ToggleButtonGroupControl", "ToggleButtonGroupControl\ToggleButtonGroupControl.csproj", "{B448E071-59C5-4198-908F-EE3120BF4F7B}"
EndProject
Project("{FAE04EC0-301F-11D3-BF4B-00C04F79EFBC}") = "MessageFormControl", "MessageFormControl\MessageFormControl.csproj", "{475FFB7E-6AC6-4448-8A79-DA711662893C}"
EndProject
Project("{FAE04EC0-301F-11D3-BF4B-00C04F79EFBC}") = "SharedCode", "SharedCode\SharedCode.csproj", "{03326178-E925-46C1-B4C7-EA5700C30102}"
EndProject
Project("{FAE04EC0-301F-11D3-BF4B-00C04F79EFBC}") = "MVCERTDA_FormControl", "MVCERTDA_FormsControl\MVCERTDA_FormControl.csproj", "{2322BA11-25A0-4A4C-A323-0DC147EEF403}"
EndProject
Project("{FAE04EC0-301F-11D3-BF4B-00C04F79EFBC}") = "ICS213RRPackItFormControl", "ICS213RRPackItFormControl\ICS213RRPackItFormControl.csproj", "{F9AB8EAC-EA13-475A-9333-126B4C8C3E0A}"
EndProject
Project("{9A19103F-16F7-4668-BE54-9A1E7A4F7556}") = "PacketMessagingTS.Core", "PacketMessagingTS.Core\PacketMessagingTS.Core.csproj", "{5B519096-6713-4D1E-A67C-FC5F22DF5E3D}"
EndProject
Project("{FAE04EC0-301F-11D3-BF4B-00C04F79EFBC}") = "ICS213PackItFormControl", "ICS213PackItFormControl\ICS213PackItFormControl.csproj", "{64FB6DBF-750A-490D-AAEA-F1E41CF750FE}"
EndProject
Project("{FAE04EC0-301F-11D3-BF4B-00C04F79EFBC}") = "OAMunicipalStatusPackItFormControl", "OAMunicipalStatusPackItFormControl\OAMunicipalStatusPackItFormControl.csproj", "{FC2A0B6B-3857-4FBD-A4AB-BB604EDEA948}"
EndProject
Project("{FAE04EC0-301F-11D3-BF4B-00C04F79EFBC}") = "OA Allied HealthStatusFormControl", "OA Allied HealthStatusFormControl\OA Allied HealthStatusFormControl.csproj", "{070891AA-CAD1-4722-B12A-CCE51FA73122}"
EndProject
Project("{FAE04EC0-301F-11D3-BF4B-00C04F79EFBC}") = "OAShelterStatusFormControl", "OAShelterStatusFormControl\OAShelterStatusFormControl.csproj", "{2DD67FBA-93D0-49F2-97A5-F4FD08D17B6C}"
EndProject
Project("{FAE04EC0-301F-11D3-BF4B-00C04F79EFBC}") = "HavBedReportFormControl", "HavBedReportFormControl\HavBedReportFormControl.csproj", "{6B998EFE-8A41-47B2-8671-4C9757F150DF}"
EndProject
Project("{FAE04EC0-301F-11D3-BF4B-00C04F79EFBC}") = "MedicalFacilityStatusFormControl", "MedicalFacilityStatusFormControl\MedicalFacilityStatusFormControl.csproj", "{4C30C8F5-E20A-4B17-A089-4622E59980A3}"
EndProject
Project("{FAE04EC0-301F-11D3-BF4B-00C04F79EFBC}") = "MedicalHealthBranchRRFormControl", "MedicalHealthBranchRRFormControl\MedicalHealthBranchRRFormControl.csproj", "{A8105140-F83B-4E09-ABE3-29D244479CD6}"
EndProject
Project("{FAE04EC0-301F-11D3-BF4B-00C04F79EFBC}") = "FormUserControl", "FormUserControl\FormUserControl.csproj", "{F5782342-B4CD-4F24-B2BB-FAFE68E62426}"
EndProject
Project("{FAE04EC0-301F-11D3-BF4B-00C04F79EFBC}") = "FormControlBasics", "FormControlBasics\FormControlBasics.csproj", "{AA1E4573-9165-4F4E-973F-54A8DF18F1A8}"
EndProject
Global
	GlobalSection(SolutionConfigurationPlatforms) = preSolution
		Debug|Any CPU = Debug|Any CPU
		Debug|ARM = Debug|ARM
		Debug|ARM64 = Debug|ARM64
		Debug|x64 = Debug|x64
		Debug|x86 = Debug|x86
		Release|Any CPU = Release|Any CPU
		Release|ARM = Release|ARM
		Release|ARM64 = Release|ARM64
		Release|x64 = Release|x64
		Release|x86 = Release|x86
	EndGlobalSection
	GlobalSection(ProjectConfigurationPlatforms) = postSolution
		{A0511FEF-BCBA-4A66-AE99-12ACD5A49595}.Debug|Any CPU.ActiveCfg = Debug|x86
		{A0511FEF-BCBA-4A66-AE99-12ACD5A49595}.Debug|ARM.ActiveCfg = Debug|ARM
		{A0511FEF-BCBA-4A66-AE99-12ACD5A49595}.Debug|ARM.Build.0 = Debug|ARM
		{A0511FEF-BCBA-4A66-AE99-12ACD5A49595}.Debug|ARM.Deploy.0 = Debug|ARM
		{A0511FEF-BCBA-4A66-AE99-12ACD5A49595}.Debug|ARM64.ActiveCfg = Debug|x86
		{A0511FEF-BCBA-4A66-AE99-12ACD5A49595}.Debug|x64.ActiveCfg = Debug|x64
		{A0511FEF-BCBA-4A66-AE99-12ACD5A49595}.Debug|x64.Build.0 = Debug|x64
		{A0511FEF-BCBA-4A66-AE99-12ACD5A49595}.Debug|x64.Deploy.0 = Debug|x64
		{A0511FEF-BCBA-4A66-AE99-12ACD5A49595}.Debug|x86.ActiveCfg = Debug|x86
		{A0511FEF-BCBA-4A66-AE99-12ACD5A49595}.Debug|x86.Build.0 = Debug|x86
		{A0511FEF-BCBA-4A66-AE99-12ACD5A49595}.Debug|x86.Deploy.0 = Debug|x86
		{A0511FEF-BCBA-4A66-AE99-12ACD5A49595}.Release|Any CPU.ActiveCfg = Release|x86
		{A0511FEF-BCBA-4A66-AE99-12ACD5A49595}.Release|ARM.ActiveCfg = Release|ARM
		{A0511FEF-BCBA-4A66-AE99-12ACD5A49595}.Release|ARM.Build.0 = Release|ARM
		{A0511FEF-BCBA-4A66-AE99-12ACD5A49595}.Release|ARM.Deploy.0 = Release|ARM
		{A0511FEF-BCBA-4A66-AE99-12ACD5A49595}.Release|ARM64.ActiveCfg = Release|x86
		{A0511FEF-BCBA-4A66-AE99-12ACD5A49595}.Release|x64.ActiveCfg = Release|x64
		{A0511FEF-BCBA-4A66-AE99-12ACD5A49595}.Release|x64.Build.0 = Release|x64
		{A0511FEF-BCBA-4A66-AE99-12ACD5A49595}.Release|x64.Deploy.0 = Release|x64
		{A0511FEF-BCBA-4A66-AE99-12ACD5A49595}.Release|x86.ActiveCfg = Release|x86
		{A0511FEF-BCBA-4A66-AE99-12ACD5A49595}.Release|x86.Build.0 = Release|x86
		{A0511FEF-BCBA-4A66-AE99-12ACD5A49595}.Release|x86.Deploy.0 = Release|x86
		{54CD4D6D-9D4F-4270-907A-D6B5EBA3518F}.Debug|Any CPU.ActiveCfg = Debug|Any CPU
		{54CD4D6D-9D4F-4270-907A-D6B5EBA3518F}.Debug|Any CPU.Build.0 = Debug|Any CPU
		{54CD4D6D-9D4F-4270-907A-D6B5EBA3518F}.Debug|ARM.ActiveCfg = Debug|ARM
		{54CD4D6D-9D4F-4270-907A-D6B5EBA3518F}.Debug|ARM.Build.0 = Debug|ARM
		{54CD4D6D-9D4F-4270-907A-D6B5EBA3518F}.Debug|ARM64.ActiveCfg = Debug|Any CPU
		{54CD4D6D-9D4F-4270-907A-D6B5EBA3518F}.Debug|ARM64.Build.0 = Debug|Any CPU
		{54CD4D6D-9D4F-4270-907A-D6B5EBA3518F}.Debug|x64.ActiveCfg = Debug|x64
		{54CD4D6D-9D4F-4270-907A-D6B5EBA3518F}.Debug|x64.Build.0 = Debug|x64
		{54CD4D6D-9D4F-4270-907A-D6B5EBA3518F}.Debug|x86.ActiveCfg = Debug|x86
		{54CD4D6D-9D4F-4270-907A-D6B5EBA3518F}.Debug|x86.Build.0 = Debug|x86
		{54CD4D6D-9D4F-4270-907A-D6B5EBA3518F}.Release|Any CPU.ActiveCfg = Release|Any CPU
		{54CD4D6D-9D4F-4270-907A-D6B5EBA3518F}.Release|Any CPU.Build.0 = Release|Any CPU
		{54CD4D6D-9D4F-4270-907A-D6B5EBA3518F}.Release|ARM.ActiveCfg = Release|ARM
		{54CD4D6D-9D4F-4270-907A-D6B5EBA3518F}.Release|ARM.Build.0 = Release|ARM
		{54CD4D6D-9D4F-4270-907A-D6B5EBA3518F}.Release|ARM64.ActiveCfg = Release|Any CPU
		{54CD4D6D-9D4F-4270-907A-D6B5EBA3518F}.Release|ARM64.Build.0 = Release|Any CPU
		{54CD4D6D-9D4F-4270-907A-D6B5EBA3518F}.Release|x64.ActiveCfg = Release|x64
		{54CD4D6D-9D4F-4270-907A-D6B5EBA3518F}.Release|x64.Build.0 = Release|x64
		{54CD4D6D-9D4F-4270-907A-D6B5EBA3518F}.Release|x86.ActiveCfg = Release|x86
		{54CD4D6D-9D4F-4270-907A-D6B5EBA3518F}.Release|x86.Build.0 = Release|x86
		{B448E071-59C5-4198-908F-EE3120BF4F7B}.Debug|Any CPU.ActiveCfg = Debug|Any CPU
		{B448E071-59C5-4198-908F-EE3120BF4F7B}.Debug|Any CPU.Build.0 = Debug|Any CPU
		{B448E071-59C5-4198-908F-EE3120BF4F7B}.Debug|ARM.ActiveCfg = Debug|ARM
		{B448E071-59C5-4198-908F-EE3120BF4F7B}.Debug|ARM.Build.0 = Debug|ARM
		{B448E071-59C5-4198-908F-EE3120BF4F7B}.Debug|ARM64.ActiveCfg = Debug|Any CPU
		{B448E071-59C5-4198-908F-EE3120BF4F7B}.Debug|ARM64.Build.0 = Debug|Any CPU
		{B448E071-59C5-4198-908F-EE3120BF4F7B}.Debug|x64.ActiveCfg = Debug|x64
		{B448E071-59C5-4198-908F-EE3120BF4F7B}.Debug|x64.Build.0 = Debug|x64
		{B448E071-59C5-4198-908F-EE3120BF4F7B}.Debug|x86.ActiveCfg = Debug|x86
		{B448E071-59C5-4198-908F-EE3120BF4F7B}.Debug|x86.Build.0 = Debug|x86
		{B448E071-59C5-4198-908F-EE3120BF4F7B}.Release|Any CPU.ActiveCfg = Release|Any CPU
		{B448E071-59C5-4198-908F-EE3120BF4F7B}.Release|Any CPU.Build.0 = Release|Any CPU
		{B448E071-59C5-4198-908F-EE3120BF4F7B}.Release|ARM.ActiveCfg = Release|ARM
		{B448E071-59C5-4198-908F-EE3120BF4F7B}.Release|ARM.Build.0 = Release|ARM
		{B448E071-59C5-4198-908F-EE3120BF4F7B}.Release|ARM64.ActiveCfg = Release|Any CPU
		{B448E071-59C5-4198-908F-EE3120BF4F7B}.Release|ARM64.Build.0 = Release|Any CPU
		{B448E071-59C5-4198-908F-EE3120BF4F7B}.Release|x64.ActiveCfg = Release|x64
		{B448E071-59C5-4198-908F-EE3120BF4F7B}.Release|x64.Build.0 = Release|x64
		{B448E071-59C5-4198-908F-EE3120BF4F7B}.Release|x86.ActiveCfg = Release|x86
		{B448E071-59C5-4198-908F-EE3120BF4F7B}.Release|x86.Build.0 = Release|x86
		{475FFB7E-6AC6-4448-8A79-DA711662893C}.Debug|Any CPU.ActiveCfg = Debug|Any CPU
		{475FFB7E-6AC6-4448-8A79-DA711662893C}.Debug|Any CPU.Build.0 = Debug|Any CPU
		{475FFB7E-6AC6-4448-8A79-DA711662893C}.Debug|ARM.ActiveCfg = Debug|ARM
		{475FFB7E-6AC6-4448-8A79-DA711662893C}.Debug|ARM.Build.0 = Debug|ARM
		{475FFB7E-6AC6-4448-8A79-DA711662893C}.Debug|ARM64.ActiveCfg = Debug|Any CPU
		{475FFB7E-6AC6-4448-8A79-DA711662893C}.Debug|ARM64.Build.0 = Debug|Any CPU
		{475FFB7E-6AC6-4448-8A79-DA711662893C}.Debug|x64.ActiveCfg = Debug|x64
		{475FFB7E-6AC6-4448-8A79-DA711662893C}.Debug|x64.Build.0 = Debug|x64
		{475FFB7E-6AC6-4448-8A79-DA711662893C}.Debug|x86.ActiveCfg = Debug|x86
		{475FFB7E-6AC6-4448-8A79-DA711662893C}.Debug|x86.Build.0 = Debug|x86
		{475FFB7E-6AC6-4448-8A79-DA711662893C}.Release|Any CPU.ActiveCfg = Release|Any CPU
		{475FFB7E-6AC6-4448-8A79-DA711662893C}.Release|Any CPU.Build.0 = Release|Any CPU
		{475FFB7E-6AC6-4448-8A79-DA711662893C}.Release|ARM.ActiveCfg = Release|ARM
		{475FFB7E-6AC6-4448-8A79-DA711662893C}.Release|ARM.Build.0 = Release|ARM
		{475FFB7E-6AC6-4448-8A79-DA711662893C}.Release|ARM64.ActiveCfg = Release|Any CPU
		{475FFB7E-6AC6-4448-8A79-DA711662893C}.Release|ARM64.Build.0 = Release|Any CPU
		{475FFB7E-6AC6-4448-8A79-DA711662893C}.Release|x64.ActiveCfg = Release|x64
		{475FFB7E-6AC6-4448-8A79-DA711662893C}.Release|x64.Build.0 = Release|x64
		{475FFB7E-6AC6-4448-8A79-DA711662893C}.Release|x86.ActiveCfg = Release|x86
		{475FFB7E-6AC6-4448-8A79-DA711662893C}.Release|x86.Build.0 = Release|x86
		{03326178-E925-46C1-B4C7-EA5700C30102}.Debug|Any CPU.ActiveCfg = Debug|Any CPU
		{03326178-E925-46C1-B4C7-EA5700C30102}.Debug|Any CPU.Build.0 = Debug|Any CPU
		{03326178-E925-46C1-B4C7-EA5700C30102}.Debug|ARM.ActiveCfg = Debug|ARM
		{03326178-E925-46C1-B4C7-EA5700C30102}.Debug|ARM.Build.0 = Debug|ARM
		{03326178-E925-46C1-B4C7-EA5700C30102}.Debug|ARM64.ActiveCfg = Debug|Any CPU
		{03326178-E925-46C1-B4C7-EA5700C30102}.Debug|ARM64.Build.0 = Debug|Any CPU
		{03326178-E925-46C1-B4C7-EA5700C30102}.Debug|x64.ActiveCfg = Debug|x64
		{03326178-E925-46C1-B4C7-EA5700C30102}.Debug|x64.Build.0 = Debug|x64
		{03326178-E925-46C1-B4C7-EA5700C30102}.Debug|x86.ActiveCfg = Debug|x86
		{03326178-E925-46C1-B4C7-EA5700C30102}.Debug|x86.Build.0 = Debug|x86
		{03326178-E925-46C1-B4C7-EA5700C30102}.Release|Any CPU.ActiveCfg = Release|Any CPU
		{03326178-E925-46C1-B4C7-EA5700C30102}.Release|Any CPU.Build.0 = Release|Any CPU
		{03326178-E925-46C1-B4C7-EA5700C30102}.Release|ARM.ActiveCfg = Release|ARM
		{03326178-E925-46C1-B4C7-EA5700C30102}.Release|ARM.Build.0 = Release|ARM
		{03326178-E925-46C1-B4C7-EA5700C30102}.Release|ARM64.ActiveCfg = Release|Any CPU
		{03326178-E925-46C1-B4C7-EA5700C30102}.Release|ARM64.Build.0 = Release|Any CPU
		{03326178-E925-46C1-B4C7-EA5700C30102}.Release|x64.ActiveCfg = Release|x64
		{03326178-E925-46C1-B4C7-EA5700C30102}.Release|x64.Build.0 = Release|x64
		{03326178-E925-46C1-B4C7-EA5700C30102}.Release|x86.ActiveCfg = Release|x86
		{03326178-E925-46C1-B4C7-EA5700C30102}.Release|x86.Build.0 = Release|x86
		{2322BA11-25A0-4A4C-A323-0DC147EEF403}.Debug|Any CPU.ActiveCfg = Debug|Any CPU
		{2322BA11-25A0-4A4C-A323-0DC147EEF403}.Debug|Any CPU.Build.0 = Debug|Any CPU
		{2322BA11-25A0-4A4C-A323-0DC147EEF403}.Debug|ARM.ActiveCfg = Debug|ARM
		{2322BA11-25A0-4A4C-A323-0DC147EEF403}.Debug|ARM.Build.0 = Debug|ARM
		{2322BA11-25A0-4A4C-A323-0DC147EEF403}.Debug|ARM64.ActiveCfg = Debug|ARM64
		{2322BA11-25A0-4A4C-A323-0DC147EEF403}.Debug|ARM64.Build.0 = Debug|ARM64
		{2322BA11-25A0-4A4C-A323-0DC147EEF403}.Debug|x64.ActiveCfg = Debug|x64
		{2322BA11-25A0-4A4C-A323-0DC147EEF403}.Debug|x64.Build.0 = Debug|x64
		{2322BA11-25A0-4A4C-A323-0DC147EEF403}.Debug|x86.ActiveCfg = Debug|x86
		{2322BA11-25A0-4A4C-A323-0DC147EEF403}.Debug|x86.Build.0 = Debug|x86
		{2322BA11-25A0-4A4C-A323-0DC147EEF403}.Release|Any CPU.ActiveCfg = Release|Any CPU
		{2322BA11-25A0-4A4C-A323-0DC147EEF403}.Release|Any CPU.Build.0 = Release|Any CPU
		{2322BA11-25A0-4A4C-A323-0DC147EEF403}.Release|ARM.ActiveCfg = Release|ARM
		{2322BA11-25A0-4A4C-A323-0DC147EEF403}.Release|ARM.Build.0 = Release|ARM
		{2322BA11-25A0-4A4C-A323-0DC147EEF403}.Release|ARM64.ActiveCfg = Release|ARM64
		{2322BA11-25A0-4A4C-A323-0DC147EEF403}.Release|ARM64.Build.0 = Release|ARM64
		{2322BA11-25A0-4A4C-A323-0DC147EEF403}.Release|x64.ActiveCfg = Release|x64
		{2322BA11-25A0-4A4C-A323-0DC147EEF403}.Release|x64.Build.0 = Release|x64
		{2322BA11-25A0-4A4C-A323-0DC147EEF403}.Release|x86.ActiveCfg = Release|x86
		{2322BA11-25A0-4A4C-A323-0DC147EEF403}.Release|x86.Build.0 = Release|x86
		{F9AB8EAC-EA13-475A-9333-126B4C8C3E0A}.Debug|Any CPU.ActiveCfg = Debug|Any CPU
		{F9AB8EAC-EA13-475A-9333-126B4C8C3E0A}.Debug|Any CPU.Build.0 = Debug|Any CPU
		{F9AB8EAC-EA13-475A-9333-126B4C8C3E0A}.Debug|ARM.ActiveCfg = Debug|ARM
		{F9AB8EAC-EA13-475A-9333-126B4C8C3E0A}.Debug|ARM.Build.0 = Debug|ARM
		{F9AB8EAC-EA13-475A-9333-126B4C8C3E0A}.Debug|ARM64.ActiveCfg = Debug|ARM64
		{F9AB8EAC-EA13-475A-9333-126B4C8C3E0A}.Debug|ARM64.Build.0 = Debug|ARM64
		{F9AB8EAC-EA13-475A-9333-126B4C8C3E0A}.Debug|x64.ActiveCfg = Debug|x64
		{F9AB8EAC-EA13-475A-9333-126B4C8C3E0A}.Debug|x64.Build.0 = Debug|x64
		{F9AB8EAC-EA13-475A-9333-126B4C8C3E0A}.Debug|x86.ActiveCfg = Debug|x86
		{F9AB8EAC-EA13-475A-9333-126B4C8C3E0A}.Debug|x86.Build.0 = Debug|x86
		{F9AB8EAC-EA13-475A-9333-126B4C8C3E0A}.Release|Any CPU.ActiveCfg = Release|Any CPU
		{F9AB8EAC-EA13-475A-9333-126B4C8C3E0A}.Release|Any CPU.Build.0 = Release|Any CPU
		{F9AB8EAC-EA13-475A-9333-126B4C8C3E0A}.Release|ARM.ActiveCfg = Release|ARM
		{F9AB8EAC-EA13-475A-9333-126B4C8C3E0A}.Release|ARM.Build.0 = Release|ARM
		{F9AB8EAC-EA13-475A-9333-126B4C8C3E0A}.Release|ARM64.ActiveCfg = Release|ARM64
		{F9AB8EAC-EA13-475A-9333-126B4C8C3E0A}.Release|ARM64.Build.0 = Release|ARM64
		{F9AB8EAC-EA13-475A-9333-126B4C8C3E0A}.Release|x64.ActiveCfg = Release|x64
		{F9AB8EAC-EA13-475A-9333-126B4C8C3E0A}.Release|x64.Build.0 = Release|x64
		{F9AB8EAC-EA13-475A-9333-126B4C8C3E0A}.Release|x86.ActiveCfg = Release|x86
		{F9AB8EAC-EA13-475A-9333-126B4C8C3E0A}.Release|x86.Build.0 = Release|x86
		{5B519096-6713-4D1E-A67C-FC5F22DF5E3D}.Debug|Any CPU.ActiveCfg = Debug|Any CPU
		{5B519096-6713-4D1E-A67C-FC5F22DF5E3D}.Debug|Any CPU.Build.0 = Debug|Any CPU
		{5B519096-6713-4D1E-A67C-FC5F22DF5E3D}.Debug|ARM.ActiveCfg = Debug|Any CPU
		{5B519096-6713-4D1E-A67C-FC5F22DF5E3D}.Debug|ARM.Build.0 = Debug|Any CPU
		{5B519096-6713-4D1E-A67C-FC5F22DF5E3D}.Debug|ARM64.ActiveCfg = Debug|Any CPU
		{5B519096-6713-4D1E-A67C-FC5F22DF5E3D}.Debug|ARM64.Build.0 = Debug|Any CPU
		{5B519096-6713-4D1E-A67C-FC5F22DF5E3D}.Debug|x64.ActiveCfg = Debug|Any CPU
		{5B519096-6713-4D1E-A67C-FC5F22DF5E3D}.Debug|x64.Build.0 = Debug|Any CPU
		{5B519096-6713-4D1E-A67C-FC5F22DF5E3D}.Debug|x86.ActiveCfg = Debug|Any CPU
		{5B519096-6713-4D1E-A67C-FC5F22DF5E3D}.Debug|x86.Build.0 = Debug|Any CPU
		{5B519096-6713-4D1E-A67C-FC5F22DF5E3D}.Release|Any CPU.ActiveCfg = Release|Any CPU
		{5B519096-6713-4D1E-A67C-FC5F22DF5E3D}.Release|Any CPU.Build.0 = Release|Any CPU
		{5B519096-6713-4D1E-A67C-FC5F22DF5E3D}.Release|ARM.ActiveCfg = Release|Any CPU
		{5B519096-6713-4D1E-A67C-FC5F22DF5E3D}.Release|ARM.Build.0 = Release|Any CPU
		{5B519096-6713-4D1E-A67C-FC5F22DF5E3D}.Release|ARM64.ActiveCfg = Release|Any CPU
		{5B519096-6713-4D1E-A67C-FC5F22DF5E3D}.Release|ARM64.Build.0 = Release|Any CPU
		{5B519096-6713-4D1E-A67C-FC5F22DF5E3D}.Release|x64.ActiveCfg = Release|Any CPU
		{5B519096-6713-4D1E-A67C-FC5F22DF5E3D}.Release|x64.Build.0 = Release|Any CPU
		{5B519096-6713-4D1E-A67C-FC5F22DF5E3D}.Release|x86.ActiveCfg = Release|Any CPU
		{5B519096-6713-4D1E-A67C-FC5F22DF5E3D}.Release|x86.Build.0 = Release|Any CPU
		{64FB6DBF-750A-490D-AAEA-F1E41CF750FE}.Debug|Any CPU.ActiveCfg = Debug|Any CPU
		{64FB6DBF-750A-490D-AAEA-F1E41CF750FE}.Debug|Any CPU.Build.0 = Debug|Any CPU
		{64FB6DBF-750A-490D-AAEA-F1E41CF750FE}.Debug|ARM.ActiveCfg = Debug|ARM
		{64FB6DBF-750A-490D-AAEA-F1E41CF750FE}.Debug|ARM.Build.0 = Debug|ARM
		{64FB6DBF-750A-490D-AAEA-F1E41CF750FE}.Debug|ARM64.ActiveCfg = Debug|ARM64
		{64FB6DBF-750A-490D-AAEA-F1E41CF750FE}.Debug|ARM64.Build.0 = Debug|ARM64
		{64FB6DBF-750A-490D-AAEA-F1E41CF750FE}.Debug|x64.ActiveCfg = Debug|x64
		{64FB6DBF-750A-490D-AAEA-F1E41CF750FE}.Debug|x64.Build.0 = Debug|x64
		{64FB6DBF-750A-490D-AAEA-F1E41CF750FE}.Debug|x86.ActiveCfg = Debug|x86
		{64FB6DBF-750A-490D-AAEA-F1E41CF750FE}.Debug|x86.Build.0 = Debug|x86
		{64FB6DBF-750A-490D-AAEA-F1E41CF750FE}.Release|Any CPU.ActiveCfg = Release|Any CPU
		{64FB6DBF-750A-490D-AAEA-F1E41CF750FE}.Release|Any CPU.Build.0 = Release|Any CPU
		{64FB6DBF-750A-490D-AAEA-F1E41CF750FE}.Release|ARM.ActiveCfg = Release|ARM
		{64FB6DBF-750A-490D-AAEA-F1E41CF750FE}.Release|ARM.Build.0 = Release|ARM
		{64FB6DBF-750A-490D-AAEA-F1E41CF750FE}.Release|ARM64.ActiveCfg = Release|ARM64
		{64FB6DBF-750A-490D-AAEA-F1E41CF750FE}.Release|ARM64.Build.0 = Release|ARM64
		{64FB6DBF-750A-490D-AAEA-F1E41CF750FE}.Release|x64.ActiveCfg = Release|x64
		{64FB6DBF-750A-490D-AAEA-F1E41CF750FE}.Release|x64.Build.0 = Release|x64
		{64FB6DBF-750A-490D-AAEA-F1E41CF750FE}.Release|x86.ActiveCfg = Release|x86
		{64FB6DBF-750A-490D-AAEA-F1E41CF750FE}.Release|x86.Build.0 = Release|x86
		{FC2A0B6B-3857-4FBD-A4AB-BB604EDEA948}.Debug|Any CPU.ActiveCfg = Debug|Any CPU
		{FC2A0B6B-3857-4FBD-A4AB-BB604EDEA948}.Debug|Any CPU.Build.0 = Debug|Any CPU
		{FC2A0B6B-3857-4FBD-A4AB-BB604EDEA948}.Debug|ARM.ActiveCfg = Debug|ARM
		{FC2A0B6B-3857-4FBD-A4AB-BB604EDEA948}.Debug|ARM.Build.0 = Debug|ARM
		{FC2A0B6B-3857-4FBD-A4AB-BB604EDEA948}.Debug|ARM64.ActiveCfg = Debug|ARM64
		{FC2A0B6B-3857-4FBD-A4AB-BB604EDEA948}.Debug|ARM64.Build.0 = Debug|ARM64
		{FC2A0B6B-3857-4FBD-A4AB-BB604EDEA948}.Debug|x64.ActiveCfg = Debug|x64
		{FC2A0B6B-3857-4FBD-A4AB-BB604EDEA948}.Debug|x64.Build.0 = Debug|x64
		{FC2A0B6B-3857-4FBD-A4AB-BB604EDEA948}.Debug|x86.ActiveCfg = Debug|x86
		{FC2A0B6B-3857-4FBD-A4AB-BB604EDEA948}.Debug|x86.Build.0 = Debug|x86
		{FC2A0B6B-3857-4FBD-A4AB-BB604EDEA948}.Release|Any CPU.ActiveCfg = Release|Any CPU
		{FC2A0B6B-3857-4FBD-A4AB-BB604EDEA948}.Release|Any CPU.Build.0 = Release|Any CPU
		{FC2A0B6B-3857-4FBD-A4AB-BB604EDEA948}.Release|ARM.ActiveCfg = Release|ARM
		{FC2A0B6B-3857-4FBD-A4AB-BB604EDEA948}.Release|ARM.Build.0 = Release|ARM
		{FC2A0B6B-3857-4FBD-A4AB-BB604EDEA948}.Release|ARM64.ActiveCfg = Release|ARM64
		{FC2A0B6B-3857-4FBD-A4AB-BB604EDEA948}.Release|ARM64.Build.0 = Release|ARM64
		{FC2A0B6B-3857-4FBD-A4AB-BB604EDEA948}.Release|x64.ActiveCfg = Release|x64
		{FC2A0B6B-3857-4FBD-A4AB-BB604EDEA948}.Release|x64.Build.0 = Release|x64
		{FC2A0B6B-3857-4FBD-A4AB-BB604EDEA948}.Release|x86.ActiveCfg = Release|x86
		{FC2A0B6B-3857-4FBD-A4AB-BB604EDEA948}.Release|x86.Build.0 = Release|x86
		{070891AA-CAD1-4722-B12A-CCE51FA73122}.Debug|Any CPU.ActiveCfg = Debug|Any CPU
		{070891AA-CAD1-4722-B12A-CCE51FA73122}.Debug|Any CPU.Build.0 = Debug|Any CPU
		{070891AA-CAD1-4722-B12A-CCE51FA73122}.Debug|ARM.ActiveCfg = Debug|ARM
		{070891AA-CAD1-4722-B12A-CCE51FA73122}.Debug|ARM.Build.0 = Debug|ARM
		{070891AA-CAD1-4722-B12A-CCE51FA73122}.Debug|ARM64.ActiveCfg = Debug|ARM64
		{070891AA-CAD1-4722-B12A-CCE51FA73122}.Debug|ARM64.Build.0 = Debug|ARM64
		{070891AA-CAD1-4722-B12A-CCE51FA73122}.Debug|x64.ActiveCfg = Debug|x64
		{070891AA-CAD1-4722-B12A-CCE51FA73122}.Debug|x64.Build.0 = Debug|x64
		{070891AA-CAD1-4722-B12A-CCE51FA73122}.Debug|x86.ActiveCfg = Debug|x86
		{070891AA-CAD1-4722-B12A-CCE51FA73122}.Debug|x86.Build.0 = Debug|x86
		{070891AA-CAD1-4722-B12A-CCE51FA73122}.Release|Any CPU.ActiveCfg = Release|Any CPU
		{070891AA-CAD1-4722-B12A-CCE51FA73122}.Release|Any CPU.Build.0 = Release|Any CPU
		{070891AA-CAD1-4722-B12A-CCE51FA73122}.Release|ARM.ActiveCfg = Release|ARM
		{070891AA-CAD1-4722-B12A-CCE51FA73122}.Release|ARM.Build.0 = Release|ARM
		{070891AA-CAD1-4722-B12A-CCE51FA73122}.Release|ARM64.ActiveCfg = Release|ARM64
		{070891AA-CAD1-4722-B12A-CCE51FA73122}.Release|ARM64.Build.0 = Release|ARM64
		{070891AA-CAD1-4722-B12A-CCE51FA73122}.Release|x64.ActiveCfg = Release|x64
		{070891AA-CAD1-4722-B12A-CCE51FA73122}.Release|x64.Build.0 = Release|x64
		{070891AA-CAD1-4722-B12A-CCE51FA73122}.Release|x86.ActiveCfg = Release|x86
		{070891AA-CAD1-4722-B12A-CCE51FA73122}.Release|x86.Build.0 = Release|x86
		{2DD67FBA-93D0-49F2-97A5-F4FD08D17B6C}.Debug|Any CPU.ActiveCfg = Debug|Any CPU
		{2DD67FBA-93D0-49F2-97A5-F4FD08D17B6C}.Debug|Any CPU.Build.0 = Debug|Any CPU
		{2DD67FBA-93D0-49F2-97A5-F4FD08D17B6C}.Debug|ARM.ActiveCfg = Debug|ARM
		{2DD67FBA-93D0-49F2-97A5-F4FD08D17B6C}.Debug|ARM.Build.0 = Debug|ARM
		{2DD67FBA-93D0-49F2-97A5-F4FD08D17B6C}.Debug|ARM64.ActiveCfg = Debug|ARM64
		{2DD67FBA-93D0-49F2-97A5-F4FD08D17B6C}.Debug|ARM64.Build.0 = Debug|ARM64
		{2DD67FBA-93D0-49F2-97A5-F4FD08D17B6C}.Debug|x64.ActiveCfg = Debug|x64
		{2DD67FBA-93D0-49F2-97A5-F4FD08D17B6C}.Debug|x64.Build.0 = Debug|x64
		{2DD67FBA-93D0-49F2-97A5-F4FD08D17B6C}.Debug|x86.ActiveCfg = Debug|x86
		{2DD67FBA-93D0-49F2-97A5-F4FD08D17B6C}.Debug|x86.Build.0 = Debug|x86
		{2DD67FBA-93D0-49F2-97A5-F4FD08D17B6C}.Release|Any CPU.ActiveCfg = Release|Any CPU
		{2DD67FBA-93D0-49F2-97A5-F4FD08D17B6C}.Release|Any CPU.Build.0 = Release|Any CPU
		{2DD67FBA-93D0-49F2-97A5-F4FD08D17B6C}.Release|ARM.ActiveCfg = Release|ARM
		{2DD67FBA-93D0-49F2-97A5-F4FD08D17B6C}.Release|ARM.Build.0 = Release|ARM
		{2DD67FBA-93D0-49F2-97A5-F4FD08D17B6C}.Release|ARM64.ActiveCfg = Release|ARM64
		{2DD67FBA-93D0-49F2-97A5-F4FD08D17B6C}.Release|ARM64.Build.0 = Release|ARM64
		{2DD67FBA-93D0-49F2-97A5-F4FD08D17B6C}.Release|x64.ActiveCfg = Release|x64
		{2DD67FBA-93D0-49F2-97A5-F4FD08D17B6C}.Release|x64.Build.0 = Release|x64
		{2DD67FBA-93D0-49F2-97A5-F4FD08D17B6C}.Release|x86.ActiveCfg = Release|x86
		{2DD67FBA-93D0-49F2-97A5-F4FD08D17B6C}.Release|x86.Build.0 = Release|x86
		{6B998EFE-8A41-47B2-8671-4C9757F150DF}.Debug|Any CPU.ActiveCfg = Debug|Any CPU
		{6B998EFE-8A41-47B2-8671-4C9757F150DF}.Debug|Any CPU.Build.0 = Debug|Any CPU
		{6B998EFE-8A41-47B2-8671-4C9757F150DF}.Debug|ARM.ActiveCfg = Debug|ARM
		{6B998EFE-8A41-47B2-8671-4C9757F150DF}.Debug|ARM.Build.0 = Debug|ARM
		{6B998EFE-8A41-47B2-8671-4C9757F150DF}.Debug|ARM64.ActiveCfg = Debug|ARM64
		{6B998EFE-8A41-47B2-8671-4C9757F150DF}.Debug|ARM64.Build.0 = Debug|ARM64
		{6B998EFE-8A41-47B2-8671-4C9757F150DF}.Debug|x64.ActiveCfg = Debug|x64
		{6B998EFE-8A41-47B2-8671-4C9757F150DF}.Debug|x64.Build.0 = Debug|x64
		{6B998EFE-8A41-47B2-8671-4C9757F150DF}.Debug|x86.ActiveCfg = Debug|x86
		{6B998EFE-8A41-47B2-8671-4C9757F150DF}.Debug|x86.Build.0 = Debug|x86
		{6B998EFE-8A41-47B2-8671-4C9757F150DF}.Release|Any CPU.ActiveCfg = Release|Any CPU
		{6B998EFE-8A41-47B2-8671-4C9757F150DF}.Release|Any CPU.Build.0 = Release|Any CPU
		{6B998EFE-8A41-47B2-8671-4C9757F150DF}.Release|ARM.ActiveCfg = Release|ARM
		{6B998EFE-8A41-47B2-8671-4C9757F150DF}.Release|ARM.Build.0 = Release|ARM
		{6B998EFE-8A41-47B2-8671-4C9757F150DF}.Release|ARM64.ActiveCfg = Release|ARM64
		{6B998EFE-8A41-47B2-8671-4C9757F150DF}.Release|ARM64.Build.0 = Release|ARM64
		{6B998EFE-8A41-47B2-8671-4C9757F150DF}.Release|x64.ActiveCfg = Release|x64
		{6B998EFE-8A41-47B2-8671-4C9757F150DF}.Release|x64.Build.0 = Release|x64
		{6B998EFE-8A41-47B2-8671-4C9757F150DF}.Release|x86.ActiveCfg = Release|x86
		{6B998EFE-8A41-47B2-8671-4C9757F150DF}.Release|x86.Build.0 = Release|x86
		{4C30C8F5-E20A-4B17-A089-4622E59980A3}.Debug|Any CPU.ActiveCfg = Debug|Any CPU
		{4C30C8F5-E20A-4B17-A089-4622E59980A3}.Debug|Any CPU.Build.0 = Debug|Any CPU
		{4C30C8F5-E20A-4B17-A089-4622E59980A3}.Debug|ARM.ActiveCfg = Debug|ARM
		{4C30C8F5-E20A-4B17-A089-4622E59980A3}.Debug|ARM.Build.0 = Debug|ARM
		{4C30C8F5-E20A-4B17-A089-4622E59980A3}.Debug|ARM64.ActiveCfg = Debug|ARM64
		{4C30C8F5-E20A-4B17-A089-4622E59980A3}.Debug|ARM64.Build.0 = Debug|ARM64
		{4C30C8F5-E20A-4B17-A089-4622E59980A3}.Debug|x64.ActiveCfg = Debug|x64
		{4C30C8F5-E20A-4B17-A089-4622E59980A3}.Debug|x64.Build.0 = Debug|x64
		{4C30C8F5-E20A-4B17-A089-4622E59980A3}.Debug|x86.ActiveCfg = Debug|x86
		{4C30C8F5-E20A-4B17-A089-4622E59980A3}.Debug|x86.Build.0 = Debug|x86
		{4C30C8F5-E20A-4B17-A089-4622E59980A3}.Release|Any CPU.ActiveCfg = Release|Any CPU
		{4C30C8F5-E20A-4B17-A089-4622E59980A3}.Release|Any CPU.Build.0 = Release|Any CPU
		{4C30C8F5-E20A-4B17-A089-4622E59980A3}.Release|ARM.ActiveCfg = Release|ARM
		{4C30C8F5-E20A-4B17-A089-4622E59980A3}.Release|ARM.Build.0 = Release|ARM
		{4C30C8F5-E20A-4B17-A089-4622E59980A3}.Release|ARM64.ActiveCfg = Release|ARM64
		{4C30C8F5-E20A-4B17-A089-4622E59980A3}.Release|ARM64.Build.0 = Release|ARM64
		{4C30C8F5-E20A-4B17-A089-4622E59980A3}.Release|x64.ActiveCfg = Release|x64
		{4C30C8F5-E20A-4B17-A089-4622E59980A3}.Release|x64.Build.0 = Release|x64
		{4C30C8F5-E20A-4B17-A089-4622E59980A3}.Release|x86.ActiveCfg = Release|x86
		{4C30C8F5-E20A-4B17-A089-4622E59980A3}.Release|x86.Build.0 = Release|x86
		{A8105140-F83B-4E09-ABE3-29D244479CD6}.Debug|Any CPU.ActiveCfg = Debug|Any CPU
		{A8105140-F83B-4E09-ABE3-29D244479CD6}.Debug|Any CPU.Build.0 = Debug|Any CPU
		{A8105140-F83B-4E09-ABE3-29D244479CD6}.Debug|ARM.ActiveCfg = Debug|ARM
		{A8105140-F83B-4E09-ABE3-29D244479CD6}.Debug|ARM.Build.0 = Debug|ARM
		{A8105140-F83B-4E09-ABE3-29D244479CD6}.Debug|ARM64.ActiveCfg = Debug|ARM64
		{A8105140-F83B-4E09-ABE3-29D244479CD6}.Debug|ARM64.Build.0 = Debug|ARM64
		{A8105140-F83B-4E09-ABE3-29D244479CD6}.Debug|x64.ActiveCfg = Debug|x64
		{A8105140-F83B-4E09-ABE3-29D244479CD6}.Debug|x64.Build.0 = Debug|x64
		{A8105140-F83B-4E09-ABE3-29D244479CD6}.Debug|x86.ActiveCfg = Debug|x86
		{A8105140-F83B-4E09-ABE3-29D244479CD6}.Debug|x86.Build.0 = Debug|x86
		{A8105140-F83B-4E09-ABE3-29D244479CD6}.Release|Any CPU.ActiveCfg = Release|Any CPU
		{A8105140-F83B-4E09-ABE3-29D244479CD6}.Release|Any CPU.Build.0 = Release|Any CPU
		{A8105140-F83B-4E09-ABE3-29D244479CD6}.Release|ARM.ActiveCfg = Release|ARM
		{A8105140-F83B-4E09-ABE3-29D244479CD6}.Release|ARM.Build.0 = Release|ARM
		{A8105140-F83B-4E09-ABE3-29D244479CD6}.Release|ARM64.ActiveCfg = Release|ARM64
		{A8105140-F83B-4E09-ABE3-29D244479CD6}.Release|ARM64.Build.0 = Release|ARM64
		{A8105140-F83B-4E09-ABE3-29D244479CD6}.Release|x64.ActiveCfg = Release|x64
		{A8105140-F83B-4E09-ABE3-29D244479CD6}.Release|x64.Build.0 = Release|x64
		{A8105140-F83B-4E09-ABE3-29D244479CD6}.Release|x86.ActiveCfg = Release|x86
		{A8105140-F83B-4E09-ABE3-29D244479CD6}.Release|x86.Build.0 = Release|x86
		{F5782342-B4CD-4F24-B2BB-FAFE68E62426}.Debug|Any CPU.ActiveCfg = Debug|Any CPU
		{F5782342-B4CD-4F24-B2BB-FAFE68E62426}.Debug|Any CPU.Build.0 = Debug|Any CPU
		{F5782342-B4CD-4F24-B2BB-FAFE68E62426}.Debug|ARM.ActiveCfg = Debug|ARM
		{F5782342-B4CD-4F24-B2BB-FAFE68E62426}.Debug|ARM.Build.0 = Debug|ARM
		{F5782342-B4CD-4F24-B2BB-FAFE68E62426}.Debug|ARM64.ActiveCfg = Debug|ARM64
		{F5782342-B4CD-4F24-B2BB-FAFE68E62426}.Debug|ARM64.Build.0 = Debug|ARM64
		{F5782342-B4CD-4F24-B2BB-FAFE68E62426}.Debug|x64.ActiveCfg = Debug|x64
		{F5782342-B4CD-4F24-B2BB-FAFE68E62426}.Debug|x64.Build.0 = Debug|x64
		{F5782342-B4CD-4F24-B2BB-FAFE68E62426}.Debug|x86.ActiveCfg = Debug|x86
		{F5782342-B4CD-4F24-B2BB-FAFE68E62426}.Debug|x86.Build.0 = Debug|x86
		{F5782342-B4CD-4F24-B2BB-FAFE68E62426}.Release|Any CPU.ActiveCfg = Release|Any CPU
		{F5782342-B4CD-4F24-B2BB-FAFE68E62426}.Release|Any CPU.Build.0 = Release|Any CPU
		{F5782342-B4CD-4F24-B2BB-FAFE68E62426}.Release|ARM.ActiveCfg = Release|ARM
		{F5782342-B4CD-4F24-B2BB-FAFE68E62426}.Release|ARM.Build.0 = Release|ARM
		{F5782342-B4CD-4F24-B2BB-FAFE68E62426}.Release|ARM64.ActiveCfg = Release|ARM64
		{F5782342-B4CD-4F24-B2BB-FAFE68E62426}.Release|ARM64.Build.0 = Release|ARM64
		{F5782342-B4CD-4F24-B2BB-FAFE68E62426}.Release|x64.ActiveCfg = Release|x64
		{F5782342-B4CD-4F24-B2BB-FAFE68E62426}.Release|x64.Build.0 = Release|x64
		{F5782342-B4CD-4F24-B2BB-FAFE68E62426}.Release|x86.ActiveCfg = Release|x86
		{F5782342-B4CD-4F24-B2BB-FAFE68E62426}.Release|x86.Build.0 = Release|x86
		{AA1E4573-9165-4F4E-973F-54A8DF18F1A8}.Debug|Any CPU.ActiveCfg = Debug|Any CPU
		{AA1E4573-9165-4F4E-973F-54A8DF18F1A8}.Debug|Any CPU.Build.0 = Debug|Any CPU
		{AA1E4573-9165-4F4E-973F-54A8DF18F1A8}.Debug|ARM.ActiveCfg = Debug|ARM
		{AA1E4573-9165-4F4E-973F-54A8DF18F1A8}.Debug|ARM.Build.0 = Debug|ARM
		{AA1E4573-9165-4F4E-973F-54A8DF18F1A8}.Debug|ARM64.ActiveCfg = Debug|ARM64
		{AA1E4573-9165-4F4E-973F-54A8DF18F1A8}.Debug|ARM64.Build.0 = Debug|ARM64
		{AA1E4573-9165-4F4E-973F-54A8DF18F1A8}.Debug|x64.ActiveCfg = Debug|x64
		{AA1E4573-9165-4F4E-973F-54A8DF18F1A8}.Debug|x64.Build.0 = Debug|x64
		{AA1E4573-9165-4F4E-973F-54A8DF18F1A8}.Debug|x86.ActiveCfg = Debug|x86
		{AA1E4573-9165-4F4E-973F-54A8DF18F1A8}.Debug|x86.Build.0 = Debug|x86
		{AA1E4573-9165-4F4E-973F-54A8DF18F1A8}.Release|Any CPU.ActiveCfg = Release|Any CPU
		{AA1E4573-9165-4F4E-973F-54A8DF18F1A8}.Release|Any CPU.Build.0 = Release|Any CPU
		{AA1E4573-9165-4F4E-973F-54A8DF18F1A8}.Release|ARM.ActiveCfg = Release|ARM
		{AA1E4573-9165-4F4E-973F-54A8DF18F1A8}.Release|ARM.Build.0 = Release|ARM
		{AA1E4573-9165-4F4E-973F-54A8DF18F1A8}.Release|ARM64.ActiveCfg = Release|ARM64
		{AA1E4573-9165-4F4E-973F-54A8DF18F1A8}.Release|ARM64.Build.0 = Release|ARM64
		{AA1E4573-9165-4F4E-973F-54A8DF18F1A8}.Release|x64.ActiveCfg = Release|x64
		{AA1E4573-9165-4F4E-973F-54A8DF18F1A8}.Release|x64.Build.0 = Release|x64
		{AA1E4573-9165-4F4E-973F-54A8DF18F1A8}.Release|x86.ActiveCfg = Release|x86
		{AA1E4573-9165-4F4E-973F-54A8DF18F1A8}.Release|x86.Build.0 = Release|x86
	EndGlobalSection
	GlobalSection(SolutionProperties) = preSolution
		HideSolutionNode = FALSE
	EndGlobalSection
	GlobalSection(ExtensibilityGlobals) = postSolution
		SolutionGuid = {27021045-EE04-4599-A37D-C8C7E61FCF09}
	EndGlobalSection
EndGlobal
